{
  "lockfileVersion": 1,
  "configVersion": 1,
  "workspaces": {
    "": {
      "dependencies": {
        "@sentry/react": "^10.34.0",
      },
    },
  },
  "packages": {
    "@sentry-internal/browser-utils": ["@sentry-internal/browser-utils@10.36.0", "", { "dependencies": { "@sentry/core": "10.36.0" } }, "sha512-WILVR8HQBWOxbqLRuTxjzRCMIACGsDTo6jXvzA8rz6ezElElLmIrn3CFAswrESLqEEUa4CQHl5bLgSVJCRNweA=="],

    "@sentry-internal/feedback": ["@sentry-internal/feedback@10.36.0", "", { "dependencies": { "@sentry/core": "10.36.0" } }, "sha512-zPjz7AbcxEyx8AHj8xvp28fYtPTPWU1XcNtymhAHJLS9CXOblqSC7W02Jxz6eo3eR1/pLyOo6kJBUjvLe9EoFA=="],

    "@sentry-internal/replay": ["@sentry-internal/replay@10.36.0", "", { "dependencies": { "@sentry-internal/browser-utils": "10.36.0", "@sentry/core": "10.36.0" } }, "sha512-nLMkJgvHq+uCCrQKV2KgSdVHxTsmDk0r2hsAoTcKCbzUpXyW5UhCziMRS6ULjBlzt5sbxoIIplE25ZpmIEeNgg=="],

    "@sentry-internal/replay-canvas": ["@sentry-internal/replay-canvas@10.36.0", "", { "dependencies": { "@sentry-internal/replay": "10.36.0", "@sentry/core": "10.36.0" } }, "sha512-DLGIwmT2LX+O6TyYPtOQL5GiTm2rN0taJPDJ/Lzg2KEJZrdd5sKkzTckhh2x+vr4JQyeaLmnb8M40Ch1hvG/vQ=="],

    "@sentry/browser": ["@sentry/browser@10.36.0", "", { "dependencies": { "@sentry-internal/browser-utils": "10.36.0", "@sentry-internal/feedback": "10.36.0", "@sentry-internal/replay": "10.36.0", "@sentry-internal/replay-canvas": "10.36.0", "@sentry/core": "10.36.0" } }, "sha512-yHhXbgdGY1s+m8CdILC9U/II7gb6+s99S2Eh8VneEn/JG9wHc+UOzrQCeFN0phFP51QbLkjkiQbbanjT1HP8UQ=="],

    "@sentry/core": ["@sentry/core@10.36.0", "", {}, "sha512-EYJjZvofI+D93eUsPLDIUV0zQocYqiBRyXS6CCV6dHz64P/Hob5NJQOwPa8/v6nD+UvJXvwsFfvXOHhYZhZJOQ=="],

    "@sentry/react": ["@sentry/react@10.36.0", "", { "dependencies": { "@sentry/browser": "10.36.0", "@sentry/core": "10.36.0" }, "peerDependencies": { "react": "^16.14.0 || 17.x || 18.x || 19.x" } }, "sha512-k2GwMKgepJLXvEQffQymQyxsTVjsLiY6YXG0bcceM3vulii9Sy29uqGhpqwaPOfM4bPQzUXJzAxS/c9S7n5hTw=="],

    "react": ["react@19.2.4", "", {}, "sha512-9nfp2hYpCwOjAN+8TZFGhtWEwgvWHXqESH8qT89AT/lWklpLON22Lc8pEtnpsZz7VmawabSU0gCjnj8aC0euHQ=="],
  }
}
